{
  "name": "insomnia-plugin-random",
  "version": "1.0.1",
  "lockfileVersion": 1,
  "requires": true,
  "dependencies": {
    "chance": {
      "version": "1.0.13",
      "resolved": "https://registry.npmjs.org/chance/-/chance-1.0.13.tgz",
      "integrity": "sha512-9cpcgmAIQiXC0eMgQuMZgXuHR2Y+gKUyGQnalqSAg5LlUJyJFsZeKyuHVSGhj+bx18ppH+Jo3VOayNeXR/7p9Q=="
    }
  }
}
